# THIS IS AN AUTOGENERATED FILE. DO NOT EDIT THIS FILE DIRECTLY.
# yarn lockfile v1


"@types/react-icons@^3.0.0":
  version "3.0.0"
  resolved "https://registry.yarnpkg.com/@types/react-icons/-/react-icons-3.0.0.tgz#27ca2823a6add881d06a371bfff093afc1b9c829"
  integrity sha512-Vefs6LkLqF61vfV7AiAqls+vpR94q67gunhMueDznG+msAkrYgRxl7gYjNem/kZ+as2l2mNChmF1jRZzzQQtMg==
  dependencies:
    react-icons "*"

"js-tokens@^3.0.0 || ^4.0.0":
  version "4.0.0"
  resolved "https://registry.yarnpkg.com/js-tokens/-/js-tokens-4.0.0.tgz#19203fb59991df98e3a287050d4647cdeaf32499"
  integrity sha512-RdJUflcE3cUzKiMqQgsCu06FPu9UdIJO0beYbPhHN4k6apgJtifcoCtT9bcxOpYBtpD2kCM6Sbzg4CausW/PKQ==

loose-envify@^1.1.0:
  version "1.4.0"
  resolved "https://registry.yarnpkg.com/loose-envify/-/loose-envify-1.4.0.tgz#71ee51fa7be4caec1a63839f7e682d8132d30caf"
  integrity sha512-lyuxPGr/Wfhrlem2CL/UcnUc1zcqKAImBDzukY7Y5F/yQiNdko6+fRLevlw1HgMySw7f611UIY408EtxRSoK3Q==
  dependencies:
    js-tokens "^3.0.0 || ^4.0.0"

react-icons@*, react-icons@^4.4.0:
  version "4.4.0"
  resolved "https://registry.yarnpkg.com/react-icons/-/react-icons-4.4.0.tgz#a13a8a20c254854e1ec9aecef28a95cdf24ef703"
  integrity sha512-fSbvHeVYo/B5/L4VhB7sBA1i2tS8MkT0Hb9t2H1AVPkwGfVHLJCqyr2Py9dKMxsyM63Eng1GkdZfbWj+Fmv8Rg==

react@^18.3.0-next-e61fd91f5-20220630:
  version "18.3.0-next-e61fd91f5-20220630"
  resolved "https://registry.yarnpkg.com/react/-/react-18.3.0-next-e61fd91f5-20220630.tgz#4a73056d8245c8d80796a91415948899e4f3f535"
  integrity sha512-jzDW0AfVj6COXrcNDXam4WD4HohcvmQxevczVc3C6TOcobaf+wdjwON0/nIVI+Twx/LO+1SsbwRBSFYdnnK3xA==
  dependencies:
    loose-envify "^1.1.0"
